// !$*UTF8*$!
{
	archiveVersion = 1;
	classes = {
	};
	objectVersion = 48;
	objects = {

/* Begin PBXBuildFile section */
		B0720BFBE2B4D7E1C5EF376B /* Pods_DeliciousBody.framework in Frameworks */ = {isa = PBXBuildFile; fileRef = C9498113CF9A71672A675330 /* Pods_DeliciousBody.framework */; };
		ED07CEB52129A28000C7CAF0 /* DBMainCardExtendCell.swift in Sources */ = {isa = PBXBuildFile; fileRef = ED07CEB42129A28000C7CAF0 /* DBMainCardExtendCell.swift */; };
		ED07CEB72129B58B00C7CAF0 /* DBCardViewModel.swift in Sources */ = {isa = PBXBuildFile; fileRef = ED07CEB62129B58B00C7CAF0 /* DBCardViewModel.swift */; };
		ED07CEB9212A98F300C7CAF0 /* DBRoundButton.swift in Sources */ = {isa = PBXBuildFile; fileRef = ED07CEB8212A98F300C7CAF0 /* DBRoundButton.swift */; };
		ED218EFF2081CDD20082366F /* DBVideoViewController.swift in Sources */ = {isa = PBXBuildFile; fileRef = ED218EFE2081CDD20082366F /* DBVideoViewController.swift */; };
		ED218F082081DD240082366F /* AVKit.framework in Frameworks */ = {isa = PBXBuildFile; fileRef = ED218F062081DD240082366F /* AVKit.framework */; };
		ED218F092081DD240082366F /* AVFoundation.framework in Frameworks */ = {isa = PBXBuildFile; fileRef = ED218F072081DD240082366F /* AVFoundation.framework */; };
		ED2C03C820BBE00D00980783 /* DBJoin2ViewController.swift in Sources */ = {isa = PBXBuildFile; fileRef = ED2C03C720BBE00D00980783 /* DBJoin2ViewController.swift */; };
		ED2C03CA20BBE01900980783 /* DBJoin3ViewController.swift in Sources */ = {isa = PBXBuildFile; fileRef = ED2C03C920BBE01900980783 /* DBJoin3ViewController.swift */; };
		ED2C03CC20BBE03D00980783 /* DBJoinEmbededViewController.swift in Sources */ = {isa = PBXBuildFile; fileRef = ED2C03CB20BBE03D00980783 /* DBJoinEmbededViewController.swift */; };
		ED2C03CE20BBE19200980783 /* DBConstants.swift in Sources */ = {isa = PBXBuildFile; fileRef = ED2C03CD20BBE19200980783 /* DBConstants.swift */; };
		ED3135A7215DF6A90080B159 /* DBNetworking.swift in Sources */ = {isa = PBXBuildFile; fileRef = ED3135A6215DF6A90080B159 /* DBNetworking.swift */; };
		ED3135A92161CFE30080B159 /* DBValidator.swift in Sources */ = {isa = PBXBuildFile; fileRef = ED3135A82161CFE30080B159 /* DBValidator.swift */; };
		ED3135AB2161D5650080B159 /* DBDescViewController.swift in Sources */ = {isa = PBXBuildFile; fileRef = ED3135AA2161D5650080B159 /* DBDescViewController.swift */; };
		ED3135AD21625D010080B159 /* DBSecret.swift in Sources */ = {isa = PBXBuildFile; fileRef = ED3135AC21625D010080B159 /* DBSecret.swift */; };
		ED3135AF21675FE80080B159 /* DBSettingEditViewController.swift in Sources */ = {isa = PBXBuildFile; fileRef = ED3135AE21675FE80080B159 /* DBSettingEditViewController.swift */; };
		ED47159720997C6500F3C251 /* DBAlarmViewController.swift in Sources */ = {isa = PBXBuildFile; fileRef = ED47159620997C6500F3C251 /* DBAlarmViewController.swift */; };
		ED52402F20BE655C00FAB237 /* DBJoin4ViewController.swift in Sources */ = {isa = PBXBuildFile; fileRef = ED52402E20BE655C00FAB237 /* DBJoin4ViewController.swift */; };
		ED52403120BE656300FAB237 /* DBJoin5ViewController.swift in Sources */ = {isa = PBXBuildFile; fileRef = ED52403020BE656300FAB237 /* DBJoin5ViewController.swift */; };
		ED557696213FD69700F22CBC /* DBVideoSearchViewController.swift in Sources */ = {isa = PBXBuildFile; fileRef = ED557695213FD69700F22CBC /* DBVideoSearchViewController.swift */; };
		ED557698213FD70200F22CBC /* DBVideoSearchTransition.swift in Sources */ = {isa = PBXBuildFile; fileRef = ED557697213FD70200F22CBC /* DBVideoSearchTransition.swift */; };
		ED55769A214233E400F22CBC /* DBVideoFilterViewController.swift in Sources */ = {isa = PBXBuildFile; fileRef = ED557699214233E400F22CBC /* DBVideoFilterViewController.swift */; };
		ED55769C21440E8F00F22CBC /* DBSettingViewController.swift in Sources */ = {isa = PBXBuildFile; fileRef = ED55769B21440E8F00F22CBC /* DBSettingViewController.swift */; };
		ED55769F214419FC00F22CBC /* DBRecordCell.swift in Sources */ = {isa = PBXBuildFile; fileRef = ED55769E214419FC00F22CBC /* DBRecordCell.swift */; };
		ED5576A12144258900F22CBC /* DBProfileImageView.swift in Sources */ = {isa = PBXBuildFile; fileRef = ED5576A02144258900F22CBC /* DBProfileImageView.swift */; };
		ED5576A3214541EB00F22CBC /* DBHistoryViewModel.swift in Sources */ = {isa = PBXBuildFile; fileRef = ED5576A2214541EB00F22CBC /* DBHistoryViewModel.swift */; };
		ED5576A5214605A000F22CBC /* DBSettingSloganViewController.swift in Sources */ = {isa = PBXBuildFile; fileRef = ED5576A4214605A000F22CBC /* DBSettingSloganViewController.swift */; };
		ED5576A72148243100F22CBC /* DBSettingCell.swift in Sources */ = {isa = PBXBuildFile; fileRef = ED5576A62148243100F22CBC /* DBSettingCell.swift */; };
		ED5576A92148288800F22CBC /* DBSettingInfoViewController.swift in Sources */ = {isa = PBXBuildFile; fileRef = ED5576A82148288800F22CBC /* DBSettingInfoViewController.swift */; };
		ED5576AB21589B0700F22CBC /* DBSettingFilterViewController.swift in Sources */ = {isa = PBXBuildFile; fileRef = ED5576AA21589B0700F22CBC /* DBSettingFilterViewController.swift */; };
		ED5576AD215B562800F22CBC /* KakaoOpenSDK.framework in Frameworks */ = {isa = PBXBuildFile; fileRef = ED5576AC215B562800F22CBC /* KakaoOpenSDK.framework */; };
		ED5576AF215C8D3400F22CBC /* sample.mp4 in Resources */ = {isa = PBXBuildFile; fileRef = ED5576AE215C8D3400F22CBC /* sample.mp4 */; };
		ED607C192137B4A80095CB39 /* DBTransition.swift in Sources */ = {isa = PBXBuildFile; fileRef = ED607C182137B4A80095CB39 /* DBTransition.swift */; };
		ED607C1B213D406B0095CB39 /* Setting.storyboard in Resources */ = {isa = PBXBuildFile; fileRef = ED607C1A213D406B0095CB39 /* Setting.storyboard */; };
		ED607C1D213EA5300095CB39 /* DBVideoViewModel.swift in Sources */ = {isa = PBXBuildFile; fileRef = ED607C1C213EA5300095CB39 /* DBVideoViewModel.swift */; };
		ED8757082081F33B00B91100 /* Main.storyboard in Resources */ = {isa = PBXBuildFile; fileRef = ED8757072081F33B00B91100 /* Main.storyboard */; };
		ED87570B2081FAC400B91100 /* DBExerCell.swift in Sources */ = {isa = PBXBuildFile; fileRef = ED8757092081FAC400B91100 /* DBExerCell.swift */; };
		ED87570C2081FAC400B91100 /* DBExerCell.xib in Resources */ = {isa = PBXBuildFile; fileRef = ED87570A2081FAC400B91100 /* DBExerCell.xib */; };
		ED87570E208205F400B91100 /* DBVideoSectionHeader.xib in Resources */ = {isa = PBXBuildFile; fileRef = ED87570D208205F400B91100 /* DBVideoSectionHeader.xib */; };
		ED87571620820A2300B91100 /* DBMainViewExtension.swift in Sources */ = {isa = PBXBuildFile; fileRef = ED87571520820A2300B91100 /* DBMainViewExtension.swift */; };
		ED999A4B209A2A720058FE0B /* DBFonts.swift in Sources */ = {isa = PBXBuildFile; fileRef = ED999A4A209A2A720058FE0B /* DBFonts.swift */; };
		ED999A4D209A2AD40058FE0B /* DBColors.swift in Sources */ = {isa = PBXBuildFile; fileRef = ED999A4C209A2AD40058FE0B /* DBColors.swift */; };
		EDA383522125400700A39574 /* DBStartViewController.swift in Sources */ = {isa = PBXBuildFile; fileRef = EDA383512125400700A39574 /* DBStartViewController.swift */; };
		EDA38354212542F000A39574 /* DBUser.swift in Sources */ = {isa = PBXBuildFile; fileRef = EDA38353212542F000A39574 /* DBUser.swift */; };
		EDBE9AD2209950A40090EF2B /* Alarm.storyboard in Resources */ = {isa = PBXBuildFile; fileRef = EDBE9AD1209950A40090EF2B /* Alarm.storyboard */; };
		EDC0295420B9BAC900A2E2D0 /* DBViewController.swift in Sources */ = {isa = PBXBuildFile; fileRef = EDC0295320B9BAC900A2E2D0 /* DBViewController.swift */; };
		EDC9FBBD2098511D00A61BAA /* VideoList.storyboard in Resources */ = {isa = PBXBuildFile; fileRef = EDC9FBBC2098511D00A61BAA /* VideoList.storyboard */; };
		EDC9FBBF2098525B00A61BAA /* DBVideoListViewController.swift in Sources */ = {isa = PBXBuildFile; fileRef = EDC9FBBE2098525B00A61BAA /* DBVideoListViewController.swift */; };
		EDDB787320A937AD0086DDDB /* Sample.storyboard in Resources */ = {isa = PBXBuildFile; fileRef = EDDB787220A937AD0086DDDB /* Sample.storyboard */; };
		EDE14E95212C01F500083181 /* DBLoginViewController.swift in Sources */ = {isa = PBXBuildFile; fileRef = EDE14E94212C01F500083181 /* DBLoginViewController.swift */; };
		EDE14E97212C0FC000083181 /* DBPasswdViewController.swift in Sources */ = {isa = PBXBuildFile; fileRef = EDE14E96212C0FC000083181 /* DBPasswdViewController.swift */; };
		EDE14E99212C10A600083181 /* DBExtensions.swift in Sources */ = {isa = PBXBuildFile; fileRef = EDE14E98212C10A600083181 /* DBExtensions.swift */; };
		EDE8AB52207CA24500A6D180 /* DBMainViewController.swift in Sources */ = {isa = PBXBuildFile; fileRef = EDE8AB51207CA24500A6D180 /* DBMainViewController.swift */; };
		EDE8AB54207CA4FA00A6D180 /* DBMainCardCell.swift in Sources */ = {isa = PBXBuildFile; fileRef = EDE8AB53207CA4FA00A6D180 /* DBMainCardCell.swift */; };
		EDEBB21F20C4F5D90024DE36 /* DBBodyView.xib in Resources */ = {isa = PBXBuildFile; fileRef = EDEBB21E20C4F5D90024DE36 /* DBBodyView.xib */; };
		EDEBB22120C4F6560024DE36 /* DBBodyView.swift in Sources */ = {isa = PBXBuildFile; fileRef = EDEBB22020C4F6560024DE36 /* DBBodyView.swift */; };
		EDEE0C7320B9A49B001BB163 /* Join.storyboard in Resources */ = {isa = PBXBuildFile; fileRef = EDEE0C7220B9A49B001BB163 /* Join.storyboard */; };
		EDF721D9206BF78700CCAFEC /* AppDelegate.swift in Sources */ = {isa = PBXBuildFile; fileRef = EDF721D8206BF78700CCAFEC /* AppDelegate.swift */; };
		EDF721DB206BF78700CCAFEC /* ViewController.swift in Sources */ = {isa = PBXBuildFile; fileRef = EDF721DA206BF78700CCAFEC /* ViewController.swift */; };
		EDF721DE206BF78700CCAFEC /* Home.storyboard in Resources */ = {isa = PBXBuildFile; fileRef = EDF721DC206BF78700CCAFEC /* Home.storyboard */; };
		EDF721E0206BF78700CCAFEC /* Assets.xcassets in Resources */ = {isa = PBXBuildFile; fileRef = EDF721DF206BF78700CCAFEC /* Assets.xcassets */; };
		EDF721E3206BF78700CCAFEC /* LaunchScreen.storyboard in Resources */ = {isa = PBXBuildFile; fileRef = EDF721E1206BF78700CCAFEC /* LaunchScreen.storyboard */; };
		EDF721EE206BF78800CCAFEC /* DeliciousBodyTests.swift in Sources */ = {isa = PBXBuildFile; fileRef = EDF721ED206BF78800CCAFEC /* DeliciousBodyTests.swift */; };
		EDF721F9206C001000CCAFEC /* DBGuideViewController.swift in Sources */ = {isa = PBXBuildFile; fileRef = EDF721F8206C001000CCAFEC /* DBGuideViewController.swift */; };
		EDF721FD206C01CA00CCAFEC /* MNFunction.swift in Sources */ = {isa = PBXBuildFile; fileRef = EDF721FC206C01C900CCAFEC /* MNFunction.swift */; };
		EDFB0F8C20B523C600175138 /* DBTextField.xib in Resources */ = {isa = PBXBuildFile; fileRef = EDFB0F8B20B523C600175138 /* DBTextField.xib */; };
		EDFB0F8E20B5253A00175138 /* DBTextField.swift in Sources */ = {isa = PBXBuildFile; fileRef = EDFB0F8D20B5253A00175138 /* DBTextField.swift */; };
		EDFB0F9020B56E0C00175138 /* DBJoin1ViewController.swift in Sources */ = {isa = PBXBuildFile; fileRef = EDFB0F8F20B56E0C00175138 /* DBJoin1ViewController.swift */; };
/* End PBXBuildFile section */

/* Begin PBXContainerItemProxy section */
		EDF721EA206BF78800CCAFEC /* PBXContainerItemProxy */ = {
			isa = PBXContainerItemProxy;
			containerPortal = EDF721CD206BF78700CCAFEC /* Project object */;
			proxyType = 1;
			remoteGlobalIDString = EDF721D4206BF78700CCAFEC;
			remoteInfo = DeliciousBody;
		};
/* End PBXContainerItemProxy section */

/* Begin PBXFileReference section */
		075C6EDD0BFE5846E74A6C1B /* Pods-DeliciousBody.release.xcconfig */ = {isa = PBXFileReference; includeInIndex = 1; lastKnownFileType = text.xcconfig; name = "Pods-DeliciousBody.release.xcconfig"; path = "Pods/Target Support Files/Pods-DeliciousBody/Pods-DeliciousBody.release.xcconfig"; sourceTree = "<group>"; };
		75E0B7A9D952DF050B6EAC66 /* Pods_DeliciousBodyTests.framework */ = {isa = PBXFileReference; explicitFileType = wrapper.framework; includeInIndex = 0; path = Pods_DeliciousBodyTests.framework; sourceTree = BUILT_PRODUCTS_DIR; };
		C2C085F8346AC0D738ED3D24 /* Pods-DeliciousBody.debug.xcconfig */ = {isa = PBXFileReference; includeInIndex = 1; lastKnownFileType = text.xcconfig; name = "Pods-DeliciousBody.debug.xcconfig"; path = "Pods/Target Support Files/Pods-DeliciousBody/Pods-DeliciousBody.debug.xcconfig"; sourceTree = "<group>"; };
		C9498113CF9A71672A675330 /* Pods_DeliciousBody.framework */ = {isa = PBXFileReference; explicitFileType = wrapper.framework; includeInIndex = 0; path = Pods_DeliciousBody.framework; sourceTree = BUILT_PRODUCTS_DIR; };
		ED07CEB42129A28000C7CAF0 /* DBMainCardExtendCell.swift */ = {isa = PBXFileReference; lastKnownFileType = sourcecode.swift; path = DBMainCardExtendCell.swift; sourceTree = "<group>"; };
		ED07CEB62129B58B00C7CAF0 /* DBCardViewModel.swift */ = {isa = PBXFileReference; lastKnownFileType = sourcecode.swift; path = DBCardViewModel.swift; sourceTree = "<group>"; };
		ED07CEB8212A98F300C7CAF0 /* DBRoundButton.swift */ = {isa = PBXFileReference; lastKnownFileType = sourcecode.swift; path = DBRoundButton.swift; sourceTree = "<group>"; };
		ED218EFE2081CDD20082366F /* DBVideoViewController.swift */ = {isa = PBXFileReference; lastKnownFileType = sourcecode.swift; path = DBVideoViewController.swift; sourceTree = "<group>"; };
		ED218F062081DD240082366F /* AVKit.framework */ = {isa = PBXFileReference; lastKnownFileType = wrapper.framework; name = AVKit.framework; path = System/Library/Frameworks/AVKit.framework; sourceTree = SDKROOT; };
		ED218F072081DD240082366F /* AVFoundation.framework */ = {isa = PBXFileReference; lastKnownFileType = wrapper.framework; name = AVFoundation.framework; path = System/Library/Frameworks/AVFoundation.framework; sourceTree = SDKROOT; };
		ED2C03C720BBE00D00980783 /* DBJoin2ViewController.swift */ = {isa = PBXFileReference; lastKnownFileType = sourcecode.swift; path = DBJoin2ViewController.swift; sourceTree = "<group>"; };
		ED2C03C920BBE01900980783 /* DBJoin3ViewController.swift */ = {isa = PBXFileReference; lastKnownFileType = sourcecode.swift; path = DBJoin3ViewController.swift; sourceTree = "<group>"; };
		ED2C03CB20BBE03D00980783 /* DBJoinEmbededViewController.swift */ = {isa = PBXFileReference; lastKnownFileType = sourcecode.swift; path = DBJoinEmbededViewController.swift; sourceTree = "<group>"; };
		ED2C03CD20BBE19200980783 /* DBConstants.swift */ = {isa = PBXFileReference; lastKnownFileType = sourcecode.swift; path = DBConstants.swift; sourceTree = "<group>"; };
		ED3135A6215DF6A90080B159 /* DBNetworking.swift */ = {isa = PBXFileReference; lastKnownFileType = sourcecode.swift; path = DBNetworking.swift; sourceTree = "<group>"; };
		ED3135A82161CFE30080B159 /* DBValidator.swift */ = {isa = PBXFileReference; lastKnownFileType = sourcecode.swift; path = DBValidator.swift; sourceTree = "<group>"; };
		ED3135AA2161D5650080B159 /* DBDescViewController.swift */ = {isa = PBXFileReference; lastKnownFileType = sourcecode.swift; path = DBDescViewController.swift; sourceTree = "<group>"; };
		ED3135AC21625D010080B159 /* DBSecret.swift */ = {isa = PBXFileReference; lastKnownFileType = sourcecode.swift; path = DBSecret.swift; sourceTree = "<group>"; };
		ED3135AE21675FE80080B159 /* DBSettingEditViewController.swift */ = {isa = PBXFileReference; lastKnownFileType = sourcecode.swift; path = DBSettingEditViewController.swift; sourceTree = "<group>"; };
		ED47159620997C6500F3C251 /* DBAlarmViewController.swift */ = {isa = PBXFileReference; lastKnownFileType = sourcecode.swift; path = DBAlarmViewController.swift; sourceTree = "<group>"; };
		ED52402E20BE655C00FAB237 /* DBJoin4ViewController.swift */ = {isa = PBXFileReference; lastKnownFileType = sourcecode.swift; path = DBJoin4ViewController.swift; sourceTree = "<group>"; };
		ED52403020BE656300FAB237 /* DBJoin5ViewController.swift */ = {isa = PBXFileReference; lastKnownFileType = sourcecode.swift; path = DBJoin5ViewController.swift; sourceTree = "<group>"; };
		ED557695213FD69700F22CBC /* DBVideoSearchViewController.swift */ = {isa = PBXFileReference; lastKnownFileType = sourcecode.swift; path = DBVideoSearchViewController.swift; sourceTree = "<group>"; };
		ED557697213FD70200F22CBC /* DBVideoSearchTransition.swift */ = {isa = PBXFileReference; lastKnownFileType = sourcecode.swift; path = DBVideoSearchTransition.swift; sourceTree = "<group>"; };
		ED557699214233E400F22CBC /* DBVideoFilterViewController.swift */ = {isa = PBXFileReference; lastKnownFileType = sourcecode.swift; path = DBVideoFilterViewController.swift; sourceTree = "<group>"; };
		ED55769B21440E8F00F22CBC /* DBSettingViewController.swift */ = {isa = PBXFileReference; lastKnownFileType = sourcecode.swift; path = DBSettingViewController.swift; sourceTree = "<group>"; };
		ED55769E214419FC00F22CBC /* DBRecordCell.swift */ = {isa = PBXFileReference; lastKnownFileType = sourcecode.swift; path = DBRecordCell.swift; sourceTree = "<group>"; };
		ED5576A02144258900F22CBC /* DBProfileImageView.swift */ = {isa = PBXFileReference; lastKnownFileType = sourcecode.swift; path = DBProfileImageView.swift; sourceTree = "<group>"; };
		ED5576A2214541EB00F22CBC /* DBHistoryViewModel.swift */ = {isa = PBXFileReference; lastKnownFileType = sourcecode.swift; path = DBHistoryViewModel.swift; sourceTree = "<group>"; };
		ED5576A4214605A000F22CBC /* DBSettingSloganViewController.swift */ = {isa = PBXFileReference; lastKnownFileType = sourcecode.swift; path = DBSettingSloganViewController.swift; sourceTree = "<group>"; };
		ED5576A62148243100F22CBC /* DBSettingCell.swift */ = {isa = PBXFileReference; lastKnownFileType = sourcecode.swift; path = DBSettingCell.swift; sourceTree = "<group>"; };
		ED5576A82148288800F22CBC /* DBSettingInfoViewController.swift */ = {isa = PBXFileReference; lastKnownFileType = sourcecode.swift; path = DBSettingInfoViewController.swift; sourceTree = "<group>"; };
		ED5576AA21589B0700F22CBC /* DBSettingFilterViewController.swift */ = {isa = PBXFileReference; lastKnownFileType = sourcecode.swift; path = DBSettingFilterViewController.swift; sourceTree = "<group>"; };
		ED5576AC215B562800F22CBC /* KakaoOpenSDK.framework */ = {isa = PBXFileReference; lastKnownFileType = wrapper.framework; path = KakaoOpenSDK.framework; sourceTree = "<group>"; };
		ED5576AE215C8D3400F22CBC /* sample.mp4 */ = {isa = PBXFileReference; lastKnownFileType = file; path = sample.mp4; sourceTree = "<group>"; };
		ED607C182137B4A80095CB39 /* DBTransition.swift */ = {isa = PBXFileReference; lastKnownFileType = sourcecode.swift; path = DBTransition.swift; sourceTree = "<group>"; };
		ED607C1A213D406B0095CB39 /* Setting.storyboard */ = {isa = PBXFileReference; lastKnownFileType = file.storyboard; path = Setting.storyboard; sourceTree = "<group>"; };
		ED607C1C213EA5300095CB39 /* DBVideoViewModel.swift */ = {isa = PBXFileReference; lastKnownFileType = sourcecode.swift; path = DBVideoViewModel.swift; sourceTree = "<group>"; };
		ED8757072081F33B00B91100 /* Main.storyboard */ = {isa = PBXFileReference; lastKnownFileType = file.storyboard; path = Main.storyboard; sourceTree = "<group>"; };
		ED8757092081FAC400B91100 /* DBExerCell.swift */ = {isa = PBXFileReference; lastKnownFileType = sourcecode.swift; path = DBExerCell.swift; sourceTree = "<group>"; };
		ED87570A2081FAC400B91100 /* DBExerCell.xib */ = {isa = PBXFileReference; lastKnownFileType = file.xib; path = DBExerCell.xib; sourceTree = "<group>"; };
		ED87570D208205F400B91100 /* DBVideoSectionHeader.xib */ = {isa = PBXFileReference; lastKnownFileType = file.xib; path = DBVideoSectionHeader.xib; sourceTree = "<group>"; };
		ED87571520820A2300B91100 /* DBMainViewExtension.swift */ = {isa = PBXFileReference; lastKnownFileType = sourcecode.swift; path = DBMainViewExtension.swift; sourceTree = "<group>"; };
		ED999A4A209A2A720058FE0B /* DBFonts.swift */ = {isa = PBXFileReference; lastKnownFileType = sourcecode.swift; path = DBFonts.swift; sourceTree = "<group>"; };
		ED999A4C209A2AD40058FE0B /* DBColors.swift */ = {isa = PBXFileReference; lastKnownFileType = sourcecode.swift; path = DBColors.swift; sourceTree = "<group>"; };
		EDA383512125400700A39574 /* DBStartViewController.swift */ = {isa = PBXFileReference; lastKnownFileType = sourcecode.swift; path = DBStartViewController.swift; sourceTree = "<group>"; };
		EDA38353212542F000A39574 /* DBUser.swift */ = {isa = PBXFileReference; lastKnownFileType = sourcecode.swift; path = DBUser.swift; sourceTree = "<group>"; };
		EDBE9AD1209950A40090EF2B /* Alarm.storyboard */ = {isa = PBXFileReference; lastKnownFileType = file.storyboard; path = Alarm.storyboard; sourceTree = "<group>"; };
		EDC0295320B9BAC900A2E2D0 /* DBViewController.swift */ = {isa = PBXFileReference; lastKnownFileType = sourcecode.swift; path = DBViewController.swift; sourceTree = "<group>"; };
		EDC9FBBC2098511D00A61BAA /* VideoList.storyboard */ = {isa = PBXFileReference; lastKnownFileType = file.storyboard; path = VideoList.storyboard; sourceTree = "<group>"; };
		EDC9FBBE2098525B00A61BAA /* DBVideoListViewController.swift */ = {isa = PBXFileReference; lastKnownFileType = sourcecode.swift; path = DBVideoListViewController.swift; sourceTree = "<group>"; };
		EDDB787220A937AD0086DDDB /* Sample.storyboard */ = {isa = PBXFileReference; lastKnownFileType = file.storyboard; path = Sample.storyboard; sourceTree = "<group>"; };
		EDE14E94212C01F500083181 /* DBLoginViewController.swift */ = {isa = PBXFileReference; lastKnownFileType = sourcecode.swift; path = DBLoginViewController.swift; sourceTree = "<group>"; };
		EDE14E96212C0FC000083181 /* DBPasswdViewController.swift */ = {isa = PBXFileReference; lastKnownFileType = sourcecode.swift; path = DBPasswdViewController.swift; sourceTree = "<group>"; };
		EDE14E98212C10A600083181 /* DBExtensions.swift */ = {isa = PBXFileReference; lastKnownFileType = sourcecode.swift; path = DBExtensions.swift; sourceTree = "<group>"; };
		EDE8AB51207CA24500A6D180 /* DBMainViewController.swift */ = {isa = PBXFileReference; lastKnownFileType = sourcecode.swift; path = DBMainViewController.swift; sourceTree = "<group>"; };
		EDE8AB53207CA4FA00A6D180 /* DBMainCardCell.swift */ = {isa = PBXFileReference; lastKnownFileType = sourcecode.swift; path = DBMainCardCell.swift; sourceTree = "<group>"; };
		EDEBB21E20C4F5D90024DE36 /* DBBodyView.xib */ = {isa = PBXFileReference; lastKnownFileType = file.xib; path = DBBodyView.xib; sourceTree = "<group>"; };
		EDEBB22020C4F6560024DE36 /* DBBodyView.swift */ = {isa = PBXFileReference; lastKnownFileType = sourcecode.swift; path = DBBodyView.swift; sourceTree = "<group>"; };
		EDEE0C7220B9A49B001BB163 /* Join.storyboard */ = {isa = PBXFileReference; lastKnownFileType = file.storyboard; path = Join.storyboard; sourceTree = "<group>"; };
		EDF721D5206BF78700CCAFEC /* DeliciousBody.app */ = {isa = PBXFileReference; explicitFileType = wrapper.application; includeInIndex = 0; path = DeliciousBody.app; sourceTree = BUILT_PRODUCTS_DIR; };
		EDF721D8206BF78700CCAFEC /* AppDelegate.swift */ = {isa = PBXFileReference; lastKnownFileType = sourcecode.swift; path = AppDelegate.swift; sourceTree = "<group>"; };
		EDF721DA206BF78700CCAFEC /* ViewController.swift */ = {isa = PBXFileReference; lastKnownFileType = sourcecode.swift; path = ViewController.swift; sourceTree = "<group>"; };
		EDF721DD206BF78700CCAFEC /* Base */ = {isa = PBXFileReference; lastKnownFileType = file.storyboard; name = Base; path = Base.lproj/Home.storyboard; sourceTree = "<group>"; };
		EDF721DF206BF78700CCAFEC /* Assets.xcassets */ = {isa = PBXFileReference; lastKnownFileType = folder.assetcatalog; path = Assets.xcassets; sourceTree = "<group>"; };
		EDF721E2206BF78700CCAFEC /* Base */ = {isa = PBXFileReference; lastKnownFileType = file.storyboard; name = Base; path = Base.lproj/LaunchScreen.storyboard; sourceTree = "<group>"; };
		EDF721E4206BF78700CCAFEC /* Info.plist */ = {isa = PBXFileReference; lastKnownFileType = text.plist.xml; path = Info.plist; sourceTree = "<group>"; };
		EDF721E9206BF78800CCAFEC /* DeliciousBodyTests.xctest */ = {isa = PBXFileReference; explicitFileType = wrapper.cfbundle; includeInIndex = 0; path = DeliciousBodyTests.xctest; sourceTree = BUILT_PRODUCTS_DIR; };
		EDF721ED206BF78800CCAFEC /* DeliciousBodyTests.swift */ = {isa = PBXFileReference; lastKnownFileType = sourcecode.swift; path = DeliciousBodyTests.swift; sourceTree = "<group>"; };
		EDF721EF206BF78800CCAFEC /* Info.plist */ = {isa = PBXFileReference; lastKnownFileType = text.plist.xml; path = Info.plist; sourceTree = "<group>"; };
		EDF721F8206C001000CCAFEC /* DBGuideViewController.swift */ = {isa = PBXFileReference; lastKnownFileType = sourcecode.swift; path = DBGuideViewController.swift; sourceTree = "<group>"; };
		EDF721FC206C01C900CCAFEC /* MNFunction.swift */ = {isa = PBXFileReference; fileEncoding = 4; lastKnownFileType = sourcecode.swift; path = MNFunction.swift; sourceTree = "<group>"; };
		EDFB0F8B20B523C600175138 /* DBTextField.xib */ = {isa = PBXFileReference; lastKnownFileType = file.xib; path = DBTextField.xib; sourceTree = "<group>"; };
		EDFB0F8D20B5253A00175138 /* DBTextField.swift */ = {isa = PBXFileReference; lastKnownFileType = sourcecode.swift; path = DBTextField.swift; sourceTree = "<group>"; };
		EDFB0F8F20B56E0C00175138 /* DBJoin1ViewController.swift */ = {isa = PBXFileReference; lastKnownFileType = sourcecode.swift; path = DBJoin1ViewController.swift; sourceTree = "<group>"; };
/* End PBXFileReference section */

/* Begin PBXFrameworksBuildPhase section */
		EDF721D2206BF78700CCAFEC /* Frameworks */ = {
			isa = PBXFrameworksBuildPhase;
			buildActionMask = 2147483647;
			files = (
				ED218F082081DD240082366F /* AVKit.framework in Frameworks */,
				ED5576AD215B562800F22CBC /* KakaoOpenSDK.framework in Frameworks */,
				ED218F092081DD240082366F /* AVFoundation.framework in Frameworks */,
				B0720BFBE2B4D7E1C5EF376B /* Pods_DeliciousBody.framework in Frameworks */,
			);
			runOnlyForDeploymentPostprocessing = 0;
		};
		EDF721E6206BF78800CCAFEC /* Frameworks */ = {
			isa = PBXFrameworksBuildPhase;
			buildActionMask = 2147483647;
			files = (
			);
			runOnlyForDeploymentPostprocessing = 0;
		};
/* End PBXFrameworksBuildPhase section */

/* Begin PBXGroup section */
		278DB71356A7744EE1F7275D /* Pods */ = {
			isa = PBXGroup;
			children = (
				C2C085F8346AC0D738ED3D24 /* Pods-DeliciousBody.debug.xcconfig */,
				075C6EDD0BFE5846E74A6C1B /* Pods-DeliciousBody.release.xcconfig */,
			);
			name = Pods;
			sourceTree = "<group>";
		};
		ED218F052081DD240082366F /* Frameworks */ = {
			isa = PBXGroup;
			children = (
				ED5576AC215B562800F22CBC /* KakaoOpenSDK.framework */,
				ED218F072081DD240082366F /* AVFoundation.framework */,
				ED218F062081DD240082366F /* AVKit.framework */,
				C9498113CF9A71672A675330 /* Pods_DeliciousBody.framework */,
				75E0B7A9D952DF050B6EAC66 /* Pods_DeliciousBodyTests.framework */,
			);
			name = Frameworks;
			sourceTree = "<group>";
		};
		ED55769D21440E9400F22CBC /* Settings */ = {
			isa = PBXGroup;
			children = (
				ED55769B21440E8F00F22CBC /* DBSettingViewController.swift */,
				ED5576A2214541EB00F22CBC /* DBHistoryViewModel.swift */,
				ED5576A4214605A000F22CBC /* DBSettingSloganViewController.swift */,
				ED5576A82148288800F22CBC /* DBSettingInfoViewController.swift */,
				ED5576AA21589B0700F22CBC /* DBSettingFilterViewController.swift */,
				ED3135AE21675FE80080B159 /* DBSettingEditViewController.swift */,
			);
			path = Settings;
			sourceTree = "<group>";
		};
		ED8757062081DE5D00B91100 /* Resouce */ = {
			isa = PBXGroup;
			children = (
				ED5576AE215C8D3400F22CBC /* sample.mp4 */,
			);
			path = Resouce;
			sourceTree = "<group>";
		};
		ED87570F208208A900B91100 /* XIBs */ = {
			isa = PBXGroup;
			children = (
				ED87570A2081FAC400B91100 /* DBExerCell.xib */,
				ED87570D208205F400B91100 /* DBVideoSectionHeader.xib */,
				EDFB0F8B20B523C600175138 /* DBTextField.xib */,
				EDEBB21E20C4F5D90024DE36 /* DBBodyView.xib */,
			);
			path = XIBs;
			sourceTree = "<group>";
		};
		ED875710208208B400B91100 /* StoryBoards */ = {
			isa = PBXGroup;
			children = (
				EDF721E1206BF78700CCAFEC /* LaunchScreen.storyboard */,
				ED8757072081F33B00B91100 /* Main.storyboard */,
				EDF721DC206BF78700CCAFEC /* Home.storyboard */,
				EDC9FBBC2098511D00A61BAA /* VideoList.storyboard */,
				EDBE9AD1209950A40090EF2B /* Alarm.storyboard */,
				EDDB787220A937AD0086DDDB /* Sample.storyboard */,
				ED607C1A213D406B0095CB39 /* Setting.storyboard */,
				EDEE0C7220B9A49B001BB163 /* Join.storyboard */,
			);
			path = StoryBoards;
			sourceTree = "<group>";
		};
		ED875711208208C500B91100 /* CustomViews */ = {
			isa = PBXGroup;
			children = (
				EDE8AB53207CA4FA00A6D180 /* DBMainCardCell.swift */,
				ED07CEB42129A28000C7CAF0 /* DBMainCardExtendCell.swift */,
				ED8757092081FAC400B91100 /* DBExerCell.swift */,
				EDFB0F8D20B5253A00175138 /* DBTextField.swift */,
				EDEBB22020C4F6560024DE36 /* DBBodyView.swift */,
				ED07CEB8212A98F300C7CAF0 /* DBRoundButton.swift */,
				ED55769E214419FC00F22CBC /* DBRecordCell.swift */,
				ED5576A02144258900F22CBC /* DBProfileImageView.swift */,
				ED5576A62148243100F22CBC /* DBSettingCell.swift */,
			);
			path = CustomViews;
			sourceTree = "<group>";
		};
		ED8757132082092100B91100 /* ETC */ = {
			isa = PBXGroup;
			children = (
				EDF721D8206BF78700CCAFEC /* AppDelegate.swift */,
				EDF721FC206C01C900CCAFEC /* MNFunction.swift */,
				ED999A4A209A2A720058FE0B /* DBFonts.swift */,
				ED999A4C209A2AD40058FE0B /* DBColors.swift */,
				EDC0295320B9BAC900A2E2D0 /* DBViewController.swift */,
				ED2C03CD20BBE19200980783 /* DBConstants.swift */,
				EDE14E98212C10A600083181 /* DBExtensions.swift */,
				EDA38353212542F000A39574 /* DBUser.swift */,
				ED607C182137B4A80095CB39 /* DBTransition.swift */,
				ED3135A6215DF6A90080B159 /* DBNetworking.swift */,
				ED3135A82161CFE30080B159 /* DBValidator.swift */,
				ED3135AC21625D010080B159 /* DBSecret.swift */,
			);
			path = ETC;
			sourceTree = "<group>";
		};
		ED8757142082092B00B91100 /* Supportings */ = {
			isa = PBXGroup;
			children = (
				EDF721DF206BF78700CCAFEC /* Assets.xcassets */,
			);
			path = Supportings;
			sourceTree = "<group>";
		};
		EDEE0C6D20B9A3C5001BB163 /* Join */ = {
			isa = PBXGroup;
			children = (
				EDF721DA206BF78700CCAFEC /* ViewController.swift */,
				EDE14E94212C01F500083181 /* DBLoginViewController.swift */,
				EDE14E96212C0FC000083181 /* DBPasswdViewController.swift */,
				EDF721F8206C001000CCAFEC /* DBGuideViewController.swift */,
				ED3135AA2161D5650080B159 /* DBDescViewController.swift */,
				EDFB0F8F20B56E0C00175138 /* DBJoin1ViewController.swift */,
				ED2C03C720BBE00D00980783 /* DBJoin2ViewController.swift */,
				ED2C03C920BBE01900980783 /* DBJoin3ViewController.swift */,
				ED52402E20BE655C00FAB237 /* DBJoin4ViewController.swift */,
				ED52403020BE656300FAB237 /* DBJoin5ViewController.swift */,
				ED2C03CB20BBE03D00980783 /* DBJoinEmbededViewController.swift */,
			);
			path = Join;
			sourceTree = "<group>";
		};
		EDEE0C6E20B9A3D0001BB163 /* Alarm */ = {
			isa = PBXGroup;
			children = (
				ED47159620997C6500F3C251 /* DBAlarmViewController.swift */,
			);
			path = Alarm;
			sourceTree = "<group>";
		};
		EDEE0C6F20B9A3D8001BB163 /* VideoList */ = {
			isa = PBXGroup;
			children = (
				EDC9FBBE2098525B00A61BAA /* DBVideoListViewController.swift */,
				ED607C1C213EA5300095CB39 /* DBVideoViewModel.swift */,
				ED557695213FD69700F22CBC /* DBVideoSearchViewController.swift */,
				ED557699214233E400F22CBC /* DBVideoFilterViewController.swift */,
				ED557697213FD70200F22CBC /* DBVideoSearchTransition.swift */,
			);
			path = VideoList;
			sourceTree = "<group>";
		};
		EDEE0C7020B9A3DE001BB163 /* VideoView */ = {
			isa = PBXGroup;
			children = (
				ED218EFE2081CDD20082366F /* DBVideoViewController.swift */,
			);
			path = VideoView;
			sourceTree = "<group>";
		};
		EDEE0C7120B9A3E9001BB163 /* Main */ = {
			isa = PBXGroup;
			children = (
				ED07CEB62129B58B00C7CAF0 /* DBCardViewModel.swift */,
				EDE8AB51207CA24500A6D180 /* DBMainViewController.swift */,
				ED87571520820A2300B91100 /* DBMainViewExtension.swift */,
				EDA383512125400700A39574 /* DBStartViewController.swift */,
			);
			path = Main;
			sourceTree = "<group>";
		};
		EDF721CC206BF78700CCAFEC = {
			isa = PBXGroup;
			children = (
				EDF721D7206BF78700CCAFEC /* DeliciousBody */,
				EDF721EC206BF78800CCAFEC /* DeliciousBodyTests */,
				EDF721D6206BF78700CCAFEC /* Products */,
				ED218F052081DD240082366F /* Frameworks */,
				278DB71356A7744EE1F7275D /* Pods */,
			);
			sourceTree = "<group>";
		};
		EDF721D6206BF78700CCAFEC /* Products */ = {
			isa = PBXGroup;
			children = (
				EDF721D5206BF78700CCAFEC /* DeliciousBody.app */,
				EDF721E9206BF78800CCAFEC /* DeliciousBodyTests.xctest */,
			);
			name = Products;
			sourceTree = "<group>";
		};
		EDF721D7206BF78700CCAFEC /* DeliciousBody */ = {
			isa = PBXGroup;
			children = (
				ED8757132082092100B91100 /* ETC */,
				EDEE0C7120B9A3E9001BB163 /* Main */,
				EDEE0C7020B9A3DE001BB163 /* VideoView */,
				EDEE0C6F20B9A3D8001BB163 /* VideoList */,
				EDEE0C6E20B9A3D0001BB163 /* Alarm */,
				EDEE0C6D20B9A3C5001BB163 /* Join */,
				ED55769D21440E9400F22CBC /* Settings */,
				ED875711208208C500B91100 /* CustomViews */,
				ED875710208208B400B91100 /* StoryBoards */,
				ED87570F208208A900B91100 /* XIBs */,
				EDF721E4206BF78700CCAFEC /* Info.plist */,
				ED8757142082092B00B91100 /* Supportings */,
				ED8757062081DE5D00B91100 /* Resouce */,
			);
			path = DeliciousBody;
			sourceTree = "<group>";
		};
		EDF721EC206BF78800CCAFEC /* DeliciousBodyTests */ = {
			isa = PBXGroup;
			children = (
				EDF721ED206BF78800CCAFEC /* DeliciousBodyTests.swift */,
				EDF721EF206BF78800CCAFEC /* Info.plist */,
			);
			path = DeliciousBodyTests;
			sourceTree = "<group>";
		};
/* End PBXGroup section */

/* Begin PBXNativeTarget section */
		EDF721D4206BF78700CCAFEC /* DeliciousBody */ = {
			isa = PBXNativeTarget;
			buildConfigurationList = EDF721F2206BF78800CCAFEC /* Build configuration list for PBXNativeTarget "DeliciousBody" */;
			buildPhases = (
				17566292731571010941BD69 /* [CP] Check Pods Manifest.lock */,
				EDF721D1206BF78700CCAFEC /* Sources */,
				EDF721D2206BF78700CCAFEC /* Frameworks */,
				EDF721D3206BF78700CCAFEC /* Resources */,
				F301FAE9B4D57A97B1093D2B /* [CP] Embed Pods Frameworks */,
			);
			buildRules = (
			);
			dependencies = (
			);
			name = DeliciousBody;
			productName = DeliciousBody;
			productReference = EDF721D5206BF78700CCAFEC /* DeliciousBody.app */;
			productType = "com.apple.product-type.application";
		};
		EDF721E8206BF78800CCAFEC /* DeliciousBodyTests */ = {
			isa = PBXNativeTarget;
			buildConfigurationList = EDF721F5206BF78800CCAFEC /* Build configuration list for PBXNativeTarget "DeliciousBodyTests" */;
			buildPhases = (
				EDF721E5206BF78800CCAFEC /* Sources */,
				EDF721E6206BF78800CCAFEC /* Frameworks */,
				EDF721E7206BF78800CCAFEC /* Resources */,
			);
			buildRules = (
			);
			dependencies = (
				EDF721EB206BF78800CCAFEC /* PBXTargetDependency */,
			);
			name = DeliciousBodyTests;
			productName = DeliciousBodyTests;
			productReference = EDF721E9206BF78800CCAFEC /* DeliciousBodyTests.xctest */;
			productType = "com.apple.product-type.bundle.unit-test";
		};
/* End PBXNativeTarget section */

/* Begin PBXProject section */
		EDF721CD206BF78700CCAFEC /* Project object */ = {
			isa = PBXProject;
			attributes = {
				LastSwiftUpdateCheck = 0920;
				LastUpgradeCheck = 0940;
				ORGANIZATIONNAME = changmin;
				TargetAttributes = {
					EDF721D4206BF78700CCAFEC = {
						CreatedOnToolsVersion = 9.2;
						ProvisioningStyle = Automatic;
					};
					EDF721E8206BF78800CCAFEC = {
						CreatedOnToolsVersion = 9.2;
						ProvisioningStyle = Automatic;
						TestTargetID = EDF721D4206BF78700CCAFEC;
					};
				};
			};
			buildConfigurationList = EDF721D0206BF78700CCAFEC /* Build configuration list for PBXProject "DeliciousBody" */;
			compatibilityVersion = "Xcode 8.0";
			developmentRegion = en;
			hasScannedForEncodings = 0;
			knownRegions = (
				en,
				Base,
			);
			mainGroup = EDF721CC206BF78700CCAFEC;
			productRefGroup = EDF721D6206BF78700CCAFEC /* Products */;
			projectDirPath = "";
			projectRoot = "";
			targets = (
				EDF721D4206BF78700CCAFEC /* DeliciousBody */,
				EDF721E8206BF78800CCAFEC /* DeliciousBodyTests */,
			);
		};
/* End PBXProject section */

/* Begin PBXResourcesBuildPhase section */
		EDF721D3206BF78700CCAFEC /* Resources */ = {
			isa = PBXResourcesBuildPhase;
			buildActionMask = 2147483647;
			files = (
				ED5576AF215C8D3400F22CBC /* sample.mp4 in Resources */,
				ED607C1B213D406B0095CB39 /* Setting.storyboard in Resources */,
				EDBE9AD2209950A40090EF2B /* Alarm.storyboard in Resources */,
				EDF721E3206BF78700CCAFEC /* LaunchScreen.storyboard in Resources */,
				ED87570E208205F400B91100 /* DBVideoSectionHeader.xib in Resources */,
				EDFB0F8C20B523C600175138 /* DBTextField.xib in Resources */,
				ED8757082081F33B00B91100 /* Main.storyboard in Resources */,
				EDDB787320A937AD0086DDDB /* Sample.storyboard in Resources */,
				EDF721E0206BF78700CCAFEC /* Assets.xcassets in Resources */,
				EDC9FBBD2098511D00A61BAA /* VideoList.storyboard in Resources */,
				EDEE0C7320B9A49B001BB163 /* Join.storyboard in Resources */,
				EDF721DE206BF78700CCAFEC /* Home.storyboard in Resources */,
				ED87570C2081FAC400B91100 /* DBExerCell.xib in Resources */,
				EDEBB21F20C4F5D90024DE36 /* DBBodyView.xib in Resources */,
			);
			runOnlyForDeploymentPostprocessing = 0;
		};
		EDF721E7206BF78800CCAFEC /* Resources */ = {
			isa = PBXResourcesBuildPhase;
			buildActionMask = 2147483647;
			files = (
			);
			runOnlyForDeploymentPostprocessing = 0;
		};
/* End PBXResourcesBuildPhase section */

/* Begin PBXShellScriptBuildPhase section */
		17566292731571010941BD69 /* [CP] Check Pods Manifest.lock */ = {
			isa = PBXShellScriptBuildPhase;
			buildActionMask = 2147483647;
			files = (
			);
			inputPaths = (
				"${PODS_PODFILE_DIR_PATH}/Podfile.lock",
				"${PODS_ROOT}/Manifest.lock",
			);
			name = "[CP] Check Pods Manifest.lock";
			outputPaths = (
				"$(DERIVED_FILE_DIR)/Pods-DeliciousBody-checkManifestLockResult.txt",
			);
			runOnlyForDeploymentPostprocessing = 0;
			shellPath = /bin/sh;
			shellScript = "diff \"${PODS_PODFILE_DIR_PATH}/Podfile.lock\" \"${PODS_ROOT}/Manifest.lock\" > /dev/null\nif [ $? != 0 ] ; then\n    # print error to STDERR\n    echo \"error: The sandbox is not in sync with the Podfile.lock. Run 'pod install' or update your CocoaPods installation.\" >&2\n    exit 1\nfi\n# This output is used by Xcode 'outputs' to avoid re-running this script phase.\necho \"SUCCESS\" > \"${SCRIPT_OUTPUT_FILE_0}\"\n";
			showEnvVarsInLog = 0;
		};
		F301FAE9B4D57A97B1093D2B /* [CP] Embed Pods Frameworks */ = {
			isa = PBXShellScriptBuildPhase;
			buildActionMask = 2147483647;
			files = (
			);
			inputPaths = (
				"${SRCROOT}/Pods/Target Support Files/Pods-DeliciousBody/Pods-DeliciousBody-frameworks.sh",
				"${BUILT_PRODUCTS_DIR}/Alamofire/Alamofire.framework",
				"${BUILT_PRODUCTS_DIR}/Kingfisher/Kingfisher.framework",
				"${BUILT_PRODUCTS_DIR}/Player/Player.framework",
				"${BUILT_PRODUCTS_DIR}/RangeSeekSlider/RangeSeekSlider.framework",
				"${BUILT_PRODUCTS_DIR}/SkyFloatingLabelTextField/SkyFloatingLabelTextField.framework",
			);
			name = "[CP] Embed Pods Frameworks";
			outputPaths = (
				"${TARGET_BUILD_DIR}/${FRAMEWORKS_FOLDER_PATH}/Alamofire.framework",
				"${TARGET_BUILD_DIR}/${FRAMEWORKS_FOLDER_PATH}/Kingfisher.framework",
				"${TARGET_BUILD_DIR}/${FRAMEWORKS_FOLDER_PATH}/Player.framework",
				"${TARGET_BUILD_DIR}/${FRAMEWORKS_FOLDER_PATH}/RangeSeekSlider.framework",
				"${TARGET_BUILD_DIR}/${FRAMEWORKS_FOLDER_PATH}/SkyFloatingLabelTextField.framework",
			);
			runOnlyForDeploymentPostprocessing = 0;
			shellPath = /bin/sh;
			shellScript = "\"${SRCROOT}/Pods/Target Support Files/Pods-DeliciousBody/Pods-DeliciousBody-frameworks.sh\"\n";
			showEnvVarsInLog = 0;
		};
/* End PBXShellScriptBuildPhase section */

/* Begin PBXSourcesBuildPhase section */
		EDF721D1206BF78700CCAFEC /* Sources */ = {
			isa = PBXSourcesBuildPhase;
			buildActionMask = 2147483647;
			files = (
				ED999A4B209A2A720058FE0B /* DBFonts.swift in Sources */,
				ED999A4D209A2AD40058FE0B /* DBColors.swift in Sources */,
				ED52402F20BE655C00FAB237 /* DBJoin4ViewController.swift in Sources */,
				EDC9FBBF2098525B00A61BAA /* DBVideoListViewController.swift in Sources */,
				ED55769F214419FC00F22CBC /* DBRecordCell.swift in Sources */,
				ED07CEB9212A98F300C7CAF0 /* DBRoundButton.swift in Sources */,
				ED557698213FD70200F22CBC /* DBVideoSearchTransition.swift in Sources */,
				ED5576A92148288800F22CBC /* DBSettingInfoViewController.swift in Sources */,
				ED607C1D213EA5300095CB39 /* DBVideoViewModel.swift in Sources */,
				EDA38354212542F000A39574 /* DBUser.swift in Sources */,
				EDFB0F8E20B5253A00175138 /* DBTextField.swift in Sources */,
				ED557696213FD69700F22CBC /* DBVideoSearchViewController.swift in Sources */,
				ED218EFF2081CDD20082366F /* DBVideoViewController.swift in Sources */,
				EDE8AB52207CA24500A6D180 /* DBMainViewController.swift in Sources */,
				EDEBB22120C4F6560024DE36 /* DBBodyView.swift in Sources */,
				ED5576A72148243100F22CBC /* DBSettingCell.swift in Sources */,
				EDC0295420B9BAC900A2E2D0 /* DBViewController.swift in Sources */,
				ED2C03CE20BBE19200980783 /* DBConstants.swift in Sources */,
				EDFB0F9020B56E0C00175138 /* DBJoin1ViewController.swift in Sources */,
				ED87571620820A2300B91100 /* DBMainViewExtension.swift in Sources */,
				EDF721F9206C001000CCAFEC /* DBGuideViewController.swift in Sources */,
				ED3135AD21625D010080B159 /* DBSecret.swift in Sources */,
				ED07CEB52129A28000C7CAF0 /* DBMainCardExtendCell.swift in Sources */,
				ED3135AB2161D5650080B159 /* DBDescViewController.swift in Sources */,
				EDE8AB54207CA4FA00A6D180 /* DBMainCardCell.swift in Sources */,
				ED55769C21440E8F00F22CBC /* DBSettingViewController.swift in Sources */,
				ED3135A92161CFE30080B159 /* DBValidator.swift in Sources */,
				EDF721DB206BF78700CCAFEC /* ViewController.swift in Sources */,
				ED3135A7215DF6A90080B159 /* DBNetworking.swift in Sources */,
				ED5576A3214541EB00F22CBC /* DBHistoryViewModel.swift in Sources */,
				ED87570B2081FAC400B91100 /* DBExerCell.swift in Sources */,
				ED5576AB21589B0700F22CBC /* DBSettingFilterViewController.swift in Sources */,
				ED2C03C820BBE00D00980783 /* DBJoin2ViewController.swift in Sources */,
				ED07CEB72129B58B00C7CAF0 /* DBCardViewModel.swift in Sources */,
				ED5576A5214605A000F22CBC /* DBSettingSloganViewController.swift in Sources */,
				EDE14E95212C01F500083181 /* DBLoginViewController.swift in Sources */,
				EDA383522125400700A39574 /* DBStartViewController.swift in Sources */,
				ED55769A214233E400F22CBC /* DBVideoFilterViewController.swift in Sources */,
				EDE14E99212C10A600083181 /* DBExtensions.swift in Sources */,
				EDF721FD206C01CA00CCAFEC /* MNFunction.swift in Sources */,
				ED2C03CC20BBE03D00980783 /* DBJoinEmbededViewController.swift in Sources */,
				ED47159720997C6500F3C251 /* DBAlarmViewController.swift in Sources */,
				EDE14E97212C0FC000083181 /* DBPasswdViewController.swift in Sources */,
				ED2C03CA20BBE01900980783 /* DBJoin3ViewController.swift in Sources */,
				ED52403120BE656300FAB237 /* DBJoin5ViewController.swift in Sources */,
				ED5576A12144258900F22CBC /* DBProfileImageView.swift in Sources */,
				ED607C192137B4A80095CB39 /* DBTransition.swift in Sources */,
				ED3135AF21675FE80080B159 /* DBSettingEditViewController.swift in Sources */,
				EDF721D9206BF78700CCAFEC /* AppDelegate.swift in Sources */,
			);
			runOnlyForDeploymentPostprocessing = 0;
		};
		EDF721E5206BF78800CCAFEC /* Sources */ = {
			isa = PBXSourcesBuildPhase;
			buildActionMask = 2147483647;
			files = (
				EDF721EE206BF78800CCAFEC /* DeliciousBodyTests.swift in Sources */,
			);
			runOnlyForDeploymentPostprocessing = 0;
		};
/* End PBXSourcesBuildPhase section */

/* Begin PBXTargetDependency section */
		EDF721EB206BF78800CCAFEC /* PBXTargetDependency */ = {
			isa = PBXTargetDependency;
			target = EDF721D4206BF78700CCAFEC /* DeliciousBody */;
			targetProxy = EDF721EA206BF78800CCAFEC /* PBXContainerItemProxy */;
		};
/* End PBXTargetDependency section */

/* Begin PBXVariantGroup section */
		EDF721DC206BF78700CCAFEC /* Home.storyboard */ = {
			isa = PBXVariantGroup;
			children = (
				EDF721DD206BF78700CCAFEC /* Base */,
			);
			name = Home.storyboard;
			sourceTree = "<group>";
		};
		EDF721E1206BF78700CCAFEC /* LaunchScreen.storyboard */ = {
			isa = PBXVariantGroup;
			children = (
				EDF721E2206BF78700CCAFEC /* Base */,
			);
			name = LaunchScreen.storyboard;
			sourceTree = "<group>";
		};
/* End PBXVariantGroup section */

/* Begin XCBuildConfiguration section */
		EDF721F0206BF78800CCAFEC /* Debug */ = {
			isa = XCBuildConfiguration;
			buildSettings = {
				ALWAYS_SEARCH_USER_PATHS = NO;
				CLANG_ANALYZER_NONNULL = YES;
				CLANG_ANALYZER_NUMBER_OBJECT_CONVERSION = YES_AGGRESSIVE;
				CLANG_CXX_LANGUAGE_STANDARD = "gnu++14";
				CLANG_CXX_LIBRARY = "libc++";
				CLANG_ENABLE_MODULES = YES;
				CLANG_ENABLE_OBJC_ARC = YES;
				CLANG_WARN_BLOCK_CAPTURE_AUTORELEASING = YES;
				CLANG_WARN_BOOL_CONVERSION = YES;
				CLANG_WARN_COMMA = YES;
				CLANG_WARN_CONSTANT_CONVERSION = YES;
				CLANG_WARN_DEPRECATED_OBJC_IMPLEMENTATIONS = YES;
				CLANG_WARN_DIRECT_OBJC_ISA_USAGE = YES_ERROR;
				CLANG_WARN_DOCUMENTATION_COMMENTS = YES;
				CLANG_WARN_EMPTY_BODY = YES;
				CLANG_WARN_ENUM_CONVERSION = YES;
				CLANG_WARN_INFINITE_RECURSION = YES;
				CLANG_WARN_INT_CONVERSION = YES;
				CLANG_WARN_NON_LITERAL_NULL_CONVERSION = YES;
				CLANG_WARN_OBJC_IMPLICIT_RETAIN_SELF = YES;
				CLANG_WARN_OBJC_LITERAL_CONVERSION = YES;
				CLANG_WARN_OBJC_ROOT_CLASS = YES_ERROR;
				CLANG_WARN_RANGE_LOOP_ANALYSIS = YES;
				CLANG_WARN_STRICT_PROTOTYPES = YES;
				CLANG_WARN_SUSPICIOUS_MOVE = YES;
				CLANG_WARN_UNGUARDED_AVAILABILITY = YES_AGGRESSIVE;
				CLANG_WARN_UNREACHABLE_CODE = YES;
				CLANG_WARN__DUPLICATE_METHOD_MATCH = YES;
				CODE_SIGN_IDENTITY = "iPhone Developer";
				COPY_PHASE_STRIP = NO;
				DEBUG_INFORMATION_FORMAT = dwarf;
				ENABLE_STRICT_OBJC_MSGSEND = YES;
				ENABLE_TESTABILITY = YES;
				GCC_C_LANGUAGE_STANDARD = gnu11;
				GCC_DYNAMIC_NO_PIC = NO;
				GCC_NO_COMMON_BLOCKS = YES;
				GCC_OPTIMIZATION_LEVEL = 0;
				GCC_PREPROCESSOR_DEFINITIONS = (
					"DEBUG=1",
					"$(inherited)",
				);
				GCC_WARN_64_TO_32_BIT_CONVERSION = YES;
				GCC_WARN_ABOUT_RETURN_TYPE = YES_ERROR;
				GCC_WARN_UNDECLARED_SELECTOR = YES;
				GCC_WARN_UNINITIALIZED_AUTOS = YES_AGGRESSIVE;
				GCC_WARN_UNUSED_FUNCTION = YES;
				GCC_WARN_UNUSED_VARIABLE = YES;
				IPHONEOS_DEPLOYMENT_TARGET = 10.0;
				MTL_ENABLE_DEBUG_INFO = YES;
				ONLY_ACTIVE_ARCH = YES;
				SDKROOT = iphoneos;
				SWIFT_ACTIVE_COMPILATION_CONDITIONS = DEBUG;
				SWIFT_OPTIMIZATION_LEVEL = "-Onone";
			};
			name = Debug;
		};
		EDF721F1206BF78800CCAFEC /* Release */ = {
			isa = XCBuildConfiguration;
			buildSettings = {
				ALWAYS_SEARCH_USER_PATHS = NO;
				CLANG_ANALYZER_NONNULL = YES;
				CLANG_ANALYZER_NUMBER_OBJECT_CONVERSION = YES_AGGRESSIVE;
				CLANG_CXX_LANGUAGE_STANDARD = "gnu++14";
				CLANG_CXX_LIBRARY = "libc++";
				CLANG_ENABLE_MODULES = YES;
				CLANG_ENABLE_OBJC_ARC = YES;
				CLANG_WARN_BLOCK_CAPTURE_AUTORELEASING = YES;
				CLANG_WARN_BOOL_CONVERSION = YES;
				CLANG_WARN_COMMA = YES;
				CLANG_WARN_CONSTANT_CONVERSION = YES;
				CLANG_WARN_DEPRECATED_OBJC_IMPLEMENTATIONS = YES;
				CLANG_WARN_DIRECT_OBJC_ISA_USAGE = YES_ERROR;
				CLANG_WARN_DOCUMENTATION_COMMENTS = YES;
				CLANG_WARN_EMPTY_BODY = YES;
				CLANG_WARN_ENUM_CONVERSION = YES;
				CLANG_WARN_INFINITE_RECURSION = YES;
				CLANG_WARN_INT_CONVERSION = YES;
				CLANG_WARN_NON_LITERAL_NULL_CONVERSION = YES;
				CLANG_WARN_OBJC_IMPLICIT_RETAIN_SELF = YES;
				CLANG_WARN_OBJC_LITERAL_CONVERSION = YES;
				CLANG_WARN_OBJC_ROOT_CLASS = YES_ERROR;
				CLANG_WARN_RANGE_LOOP_ANALYSIS = YES;
				CLANG_WARN_STRICT_PROTOTYPES = YES;
				CLANG_WARN_SUSPICIOUS_MOVE = YES;
				CLANG_WARN_UNGUARDED_AVAILABILITY = YES_AGGRESSIVE;
				CLANG_WARN_UNREACHABLE_CODE = YES;
				CLANG_WARN__DUPLICATE_METHOD_MATCH = YES;
				CODE_SIGN_IDENTITY = "iPhone Developer";
				COPY_PHASE_STRIP = NO;
				DEBUG_INFORMATION_FORMAT = "dwarf-with-dsym";
				ENABLE_NS_ASSERTIONS = NO;
				ENABLE_STRICT_OBJC_MSGSEND = YES;
				GCC_C_LANGUAGE_STANDARD = gnu11;
				GCC_NO_COMMON_BLOCKS = YES;
				GCC_WARN_64_TO_32_BIT_CONVERSION = YES;
				GCC_WARN_ABOUT_RETURN_TYPE = YES_ERROR;
				GCC_WARN_UNDECLARED_SELECTOR = YES;
				GCC_WARN_UNINITIALIZED_AUTOS = YES_AGGRESSIVE;
				GCC_WARN_UNUSED_FUNCTION = YES;
				GCC_WARN_UNUSED_VARIABLE = YES;
				IPHONEOS_DEPLOYMENT_TARGET = 10.0;
				MTL_ENABLE_DEBUG_INFO = NO;
				SDKROOT = iphoneos;
				SWIFT_OPTIMIZATION_LEVEL = "-Owholemodule";
				VALIDATE_PRODUCT = YES;
			};
			name = Release;
		};
		EDF721F3206BF78800CCAFEC /* Debug */ = {
			isa = XCBuildConfiguration;
			baseConfigurationReference = C2C085F8346AC0D738ED3D24 /* Pods-DeliciousBody.debug.xcconfig */;
			buildSettings = {
				ASSETCATALOG_COMPILER_APPICON_NAME = AppIcon;
				CODE_SIGN_STYLE = Automatic;
				DEVELOPMENT_TEAM = 47RZ4GF77T;
				FRAMEWORK_SEARCH_PATHS = (
					"$(inherited)",
					"$(PROJECT_DIR)",
				);
				INFOPLIST_FILE = DeliciousBody/Info.plist;
				IPHONEOS_DEPLOYMENT_TARGET = 11.0;
				LD_RUNPATH_SEARCH_PATHS = "$(inherited) @executable_path/Frameworks";
				OTHER_LDFLAGS = (
					"$(inherited)",
					"-framework",
					"\"RangeSeekSlider\"",
					"-framework",
					"\"SkyFloatingLabelTextField\"",
					"-all_load",
				);
				PRODUCT_BUNDLE_IDENTIFIER = changmin.DeliciousBody;
				PRODUCT_NAME = "$(TARGET_NAME)";
				SWIFT_VERSION = 4.0;
				TARGETED_DEVICE_FAMILY = "1,2";
			};
			name = Debug;
		};
		EDF721F4206BF78800CCAFEC /* Release */ = {
			isa = XCBuildConfiguration;
			baseConfigurationReference = 075C6EDD0BFE5846E74A6C1B /* Pods-DeliciousBody.release.xcconfig */;
			buildSettings = {
				ASSETCATALOG_COMPILER_APPICON_NAME = AppIcon;
				CODE_SIGN_STYLE = Automatic;
				DEVELOPMENT_TEAM = 47RZ4GF77T;
				FRAMEWORK_SEARCH_PATHS = (
					"$(inherited)",
					"$(PROJECT_DIR)",
				);
				INFOPLIST_FILE = DeliciousBody/Info.plist;
				IPHONEOS_DEPLOYMENT_TARGET = 11.0;
				LD_RUNPATH_SEARCH_PATHS = "$(inherited) @executable_path/Frameworks";
				OTHER_LDFLAGS = (
					"$(inherited)",
					"-framework",
					"\"RangeSeekSlider\"",
					"-framework",
					"\"SkyFloatingLabelTextField\"",
					"-all_load",
				);
				PRODUCT_BUNDLE_IDENTIFIER = changmin.DeliciousBody;
				PRODUCT_NAME = "$(TARGET_NAME)";
				SWIFT_VERSION = 4.0;
				TARGETED_DEVICE_FAMILY = "1,2";
			};
			name = Release;
		};
		EDF721F6206BF78800CCAFEC /* Debug */ = {
			isa = XCBuildConfiguration;
			buildSettings = {
				ALWAYS_EMBED_SWIFT_STANDARD_LIBRARIES = YES;
				BUNDLE_LOADER = "$(TEST_HOST)";
				CODE_SIGN_STYLE = Automatic;
				DEVELOPMENT_TEAM = 47RZ4GF77T;
				INFOPLIST_FILE = DeliciousBodyTests/Info.plist;
				LD_RUNPATH_SEARCH_PATHS = "$(inherited) @executable_path/Frameworks @loader_path/Frameworks";
				PRODUCT_BUNDLE_IDENTIFIER = changmin.DeliciousBodyTests;
				PRODUCT_NAME = "$(TARGET_NAME)";
				SWIFT_VERSION = 4.0;
				TARGETED_DEVICE_FAMILY = "1,2";
				TEST_HOST = "$(BUILT_PRODUCTS_DIR)/DeliciousBody.app/DeliciousBody";
			};
			name = Debug;
		};
		EDF721F7206BF78800CCAFEC /* Release */ = {
			isa = XCBuildConfiguration;
			buildSettings = {
				ALWAYS_EMBED_SWIFT_STANDARD_LIBRARIES = YES;
				BUNDLE_LOADER = "$(TEST_HOST)";
				CODE_SIGN_STYLE = Automatic;
				DEVELOPMENT_TEAM = 47RZ4GF77T;
				INFOPLIST_FILE = DeliciousBodyTests/Info.plist;
				LD_RUNPATH_SEARCH_PATHS = "$(inherited) @executable_path/Frameworks @loader_path/Frameworks";
				PRODUCT_BUNDLE_IDENTIFIER = changmin.DeliciousBodyTests;
				PRODUCT_NAME = "$(TARGET_NAME)";
				SWIFT_VERSION = 4.0;
				TARGETED_DEVICE_FAMILY = "1,2";
				TEST_HOST = "$(BUILT_PRODUCTS_DIR)/DeliciousBody.app/DeliciousBody";
			};
			name = Release;
		};
/* End XCBuildConfiguration section */

/* Begin XCConfigurationList section */
		EDF721D0206BF78700CCAFEC /* Build configuration list for PBXProject "DeliciousBody" */ = {
			isa = XCConfigurationList;
			buildConfigurations = (
				EDF721F0206BF78800CCAFEC /* Debug */,
				EDF721F1206BF78800CCAFEC /* Release */,
			);
			defaultConfigurationIsVisible = 0;
			defaultConfigurationName = Release;
		};
		EDF721F2206BF78800CCAFEC /* Build configuration list for PBXNativeTarget "DeliciousBody" */ = {
			isa = XCConfigurationList;
			buildConfigurations = (
				EDF721F3206BF78800CCAFEC /* Debug */,
				EDF721F4206BF78800CCAFEC /* Release */,
			);
			defaultConfigurationIsVisible = 0;
			defaultConfigurationName = Release;
		};
		EDF721F5206BF78800CCAFEC /* Build configuration list for PBXNativeTarget "DeliciousBodyTests" */ = {
			isa = XCConfigurationList;
			buildConfigurations = (
				EDF721F6206BF78800CCAFEC /* Debug */,
				EDF721F7206BF78800CCAFEC /* Release */,
			);
			defaultConfigurationIsVisible = 0;
			defaultConfigurationName = Release;
		};
/* End XCConfigurationList section */
	};
	rootObject = EDF721CD206BF78700CCAFEC /* Project object */;
}
